
Microsoft Visual Studio Solution File, Format Version 12.00
# Visual Studio Version 16
VisualStudioVersion = 16.0.31112.23
MinimumVisualStudioVersion = 10.0.40219.1
Project("{FAE04EC0-301F-11D3-BF4B-00C04F79EFBC}") = "Bank.Account", "Bank.Account\Bank.Account.csproj", "{92F223F6-BDEF-4BDB-8510-B1FD90728A49}"
EndProject
Project("{FAE04EC0-301F-11D3-BF4B-00C04F79EFBC}") = "Bank.UnitTest", "Bank.UnitTest\Bank.UnitTest.csproj", "{8CC42A05-0D99-4242-9092-67409A1EA3DE}"
EndProject
Global
	GlobalSection(SolutionConfigurationPlatforms) = preSolution
		Debug|Any CPU = Debug|Any CPU
		Release|Any CPU = Release|Any CPU
	EndGlobalSection
	GlobalSection(ProjectConfigurationPlatforms) = postSolution
		{92F223F6-BDEF-4BDB-8510-B1FD90728A49}.Debug|Any CPU.ActiveCfg = Debug|Any CPU
		{92F223F6-BDEF-4BDB-8510-B1FD90728A49}.Debug|Any CPU.Build.0 = Debug|Any CPU
		{92F223F6-BDEF-4BDB-8510-B1FD90728A49}.Release|Any CPU.ActiveCfg = Release|Any CPU
		{92F223F6-BDEF-4BDB-8510-B1FD90728A49}.Release|Any CPU.Build.0 = Release|Any CPU
		{8CC42A05-0D99-4242-9092-67409A1EA3DE}.Debug|Any CPU.ActiveCfg = Debug|Any CPU
		{8CC42A05-0D99-4242-9092-67409A1EA3DE}.Debug|Any CPU.Build.0 = Debug|Any CPU
		{8CC42A05-0D99-4242-9092-67409A1EA3DE}.Release|Any CPU.ActiveCfg = Release|Any CPU
		{8CC42A05-0D99-4242-9092-67409A1EA3DE}.Release|Any CPU.Build.0 = Release|Any CPU
	EndGlobalSection
	GlobalSection(SolutionProperties) = preSolution
		HideSolutionNode = FALSE
	EndGlobalSection
	GlobalSection(ExtensibilityGlobals) = postSolution
		SolutionGuid = {B74AC904-1A84-4827-9316-6C751A422DD4}
	EndGlobalSection
EndGlobal
